
Microsoft Visual Studio Solution File, Format Version 12.00
# Visual Studio Version 17
VisualStudioVersion = 17.3.32929.385
MinimumVisualStudioVersion = 10.0.40219.1
Project("{FAE04EC0-301F-11D3-BF4B-00C04F79EFBC}") = "ConsoleApp1", "ConsoleApp1\ConsoleApp1.csproj", "{1F79C9F9-D5D4-4DBC-B11A-E85BE1D23714}"
EndProject
Global
	GlobalSection(SolutionConfigurationPlatforms) = preSolution
		Debug|Any CPU = Debug|Any CPU
		Release|Any CPU = Release|Any CPU
	EndGlobalSection
	GlobalSection(ProjectConfigurationPlatforms) = postSolution
		{1F79C9F9-D5D4-4DBC-B11A-E85BE1D23714}.Debug|Any CPU.ActiveCfg = Debug|Any CPU
		{1F79C9F9-D5D4-4DBC-B11A-E85BE1D23714}.Debug|Any CPU.Build.0 = Debug|Any CPU
		{1F79C9F9-D5D4-4DBC-B11A-E85BE1D23714}.Release|Any CPU.ActiveCfg = Release|Any CPU
		{1F79C9F9-D5D4-4DBC-B11A-E85BE1D23714}.Release|Any CPU.Build.0 = Release|Any CPU
	EndGlobalSection
	GlobalSection(SolutionProperties) = preSolution
		HideSolutionNode = FALSE
	EndGlobalSection
	GlobalSection(ExtensibilityGlobals) = postSolution
		SolutionGuid = {CD1029CE-EE0E-47A2-926C-93B02DE65174}
	EndGlobalSection
EndGlobal
