
Microsoft Visual Studio Solution File, Format Version 12.00
# Visual Studio Version 17
VisualStudioVersion = 17.3.32929.385
MinimumVisualStudioVersion = 10.0.40219.1
Project("{FAE04EC0-301F-11D3-BF4B-00C04F79EFBC}") = "rechercherUneLettreDansUnePhrase", "rechercherUneLettreDansUnePhrase.csproj", "{4445505F-B70E-4F72-97B4-1499EF4D7727}"
EndProject
Global
	GlobalSection(SolutionConfigurationPlatforms) = preSolution
		Debug|Any CPU = Debug|Any CPU
		Release|Any CPU = Release|Any CPU
	EndGlobalSection
	GlobalSection(ProjectConfigurationPlatforms) = postSolution
		{4445505F-B70E-4F72-97B4-1499EF4D7727}.Debug|Any CPU.ActiveCfg = Debug|Any CPU
		{4445505F-B70E-4F72-97B4-1499EF4D7727}.Debug|Any CPU.Build.0 = Debug|Any CPU
		{4445505F-B70E-4F72-97B4-1499EF4D7727}.Release|Any CPU.ActiveCfg = Release|Any CPU
		{4445505F-B70E-4F72-97B4-1499EF4D7727}.Release|Any CPU.Build.0 = Release|Any CPU
	EndGlobalSection
	GlobalSection(SolutionProperties) = preSolution
		HideSolutionNode = FALSE
	EndGlobalSection
	GlobalSection(ExtensibilityGlobals) = postSolution
		SolutionGuid = {6152645E-82A9-41B0-B6A0-CD98037D43EB}
	EndGlobalSection
EndGlobal
